Microsoft Visual Studio Solution File, Format Version 12.00
# Visual Studio Version 17
VisualStudioVersion = 17.8.0.0
MinimumVisualStudioVersion = 17.8.0.0
Project("{9A19103F-16F7-4668-BE54-9A1E7A4F7556}") = "SneakPeek.Aspire.AppHost", "SneakPeek.Aspire.AppHost\SneakPeek.Aspire.AppHost.csproj", "{EAD9F97A-FB00-4467-B329-ECFE084C9BB2}"
EndProject
Project("{9A19103F-16F7-4668-BE54-9A1E7A4F7556}") = "SneakPeek.Aspire.ServiceDefaults", "SneakPeek.Aspire.ServiceDefaults\SneakPeek.Aspire.ServiceDefaults.csproj", "{F0C461D6-BFFC-46C6-BB20-7BC48EF9C223}"
EndProject
Global
	GlobalSection(SolutionConfigurationPlatforms) = preSolution
		Debug|Any CPU = Debug|Any CPU
		Release|Any CPU = Release|Any CPU
	EndGlobalSection
	GlobalSection(ProjectConfigurationPlatforms) = postSolution
		{EAD9F97A-FB00-4467-B329-ECFE084C9BB2}.Debug|Any CPU.ActiveCfg = Debug|Any CPU
		{EAD9F97A-FB00-4467-B329-ECFE084C9BB2}.Debug|Any CPU.Build.0 = Debug|Any CPU
		{EAD9F97A-FB00-4467-B329-ECFE084C9BB2}.Release|Any CPU.ActiveCfg = Release|Any CPU
		{EAD9F97A-FB00-4467-B329-ECFE084C9BB2}.Release|Any CPU.Build.0 = Release|Any CPU
		{F0C461D6-BFFC-46C6-BB20-7BC48EF9C223}.Debug|Any CPU.ActiveCfg = Debug|Any CPU
		{F0C461D6-BFFC-46C6-BB20-7BC48EF9C223}.Debug|Any CPU.Build.0 = Debug|Any CPU
		{F0C461D6-BFFC-46C6-BB20-7BC48EF9C223}.Release|Any CPU.ActiveCfg = Release|Any CPU
		{F0C461D6-BFFC-46C6-BB20-7BC48EF9C223}.Release|Any CPU.Build.0 = Release|Any CPU
	EndGlobalSection
	GlobalSection(SolutionProperties) = preSolution
		HideSolutionNode = FALSE
	EndGlobalSection
	GlobalSection(ExtensibilityGlobals) = postSolution
		SolutionGuid = {D09AA614-0111-428E-9703-949B8A40D682}
	EndGlobalSection
EndGlobal
