
Microsoft Visual Studio Solution File, Format Version 12.00
# Visual Studio Version 17
VisualStudioVersion = 17.10.34916.146
MinimumVisualStudioVersion = 10.0.40219.1
Project("{FAE04EC0-301F-11D3-BF4B-00C04F79EFBC}") = "SneakPeak.IntegrationTests", "SneakPeak.IntegrationTests.csproj", "{42BD548A-7A97-4878-BE7F-6382BF472A6A}"
EndProject
Global
	GlobalSection(SolutionConfigurationPlatforms) = preSolution
		Debug|Any CPU = Debug|Any CPU
		Release|Any CPU = Release|Any CPU
	EndGlobalSection
	GlobalSection(ProjectConfigurationPlatforms) = postSolution
		{42BD548A-7A97-4878-BE7F-6382BF472A6A}.Debug|Any CPU.ActiveCfg = Debug|Any CPU
		{42BD548A-7A97-4878-BE7F-6382BF472A6A}.Debug|Any CPU.Build.0 = Debug|Any CPU
		{42BD548A-7A97-4878-BE7F-6382BF472A6A}.Release|Any CPU.ActiveCfg = Release|Any CPU
		{42BD548A-7A97-4878-BE7F-6382BF472A6A}.Release|Any CPU.Build.0 = Release|Any CPU
	EndGlobalSection
	GlobalSection(SolutionProperties) = preSolution
		HideSolutionNode = FALSE
	EndGlobalSection
	GlobalSection(ExtensibilityGlobals) = postSolution
		SolutionGuid = {3CF03BCD-1091-4A48-9CA6-D36FC91EFDAA}
	EndGlobalSection
EndGlobal
